{
  "name": "angular",
  "version": "0.0.0",
  "lockfileVersion": 1,
  "requires": true,
  "dependencies": {
    "@types/jquery": {
      "version": "3.2.13",
      "resolved": "https://registry.npmjs.org/@types/jquery/-/jquery-3.2.13.tgz",
      "integrity": "sha512-T1rbXqLSQb4wDJClzfEgJ2kcjHrZXw+TcVzxhZCpnkv80FPj9bxGBatkUpd5flReysCBF9f+GR6bnzanoO5Cvw=="
    }
  }
}
